// !$*UTF8*$!
{
	archiveVersion = 1;
	classes = {
	};
	objectVersion = 46;
	objects = {

/* Begin PBXBuildFile section */
		0624B5D41844E6B700FA6958 /* Circle.m in Sources */ = {isa = PBXBuildFile; fileRef = 0624B5D31844E6B700FA6958 /* Circle.m */; };
		068763361844EE800028BEB3 /* libopencv_calib3d.2.4.4.dylib in Frameworks */ = {isa = PBXBuildFile; fileRef = 068763251844EE800028BEB3 /* libopencv_calib3d.2.4.4.dylib */; };
		068763371844EE800028BEB3 /* libopencv_contrib.2.4.4.dylib in Frameworks */ = {isa = PBXBuildFile; fileRef = 068763261844EE800028BEB3 /* libopencv_contrib.2.4.4.dylib */; };
		068763381844EE800028BEB3 /* libopencv_core.2.4.4.dylib in Frameworks */ = {isa = PBXBuildFile; fileRef = 068763271844EE800028BEB3 /* libopencv_core.2.4.4.dylib */; };
		068763391844EE800028BEB3 /* libopencv_features2d.2.4.4.dylib in Frameworks */ = {isa = PBXBuildFile; fileRef = 068763281844EE800028BEB3 /* libopencv_features2d.2.4.4.dylib */; };
		0687633A1844EE800028BEB3 /* libopencv_flann.2.4.4.dylib in Frameworks */ = {isa = PBXBuildFile; fileRef = 068763291844EE800028BEB3 /* libopencv_flann.2.4.4.dylib */; };
		0687633B1844EE800028BEB3 /* libopencv_gpu.2.4.4.dylib in Frameworks */ = {isa = PBXBuildFile; fileRef = 0687632A1844EE800028BEB3 /* libopencv_gpu.2.4.4.dylib */; };
		0687633C1844EE800028BEB3 /* libopencv_highgui.2.4.4.dylib in Frameworks */ = {isa = PBXBuildFile; fileRef = 0687632B1844EE800028BEB3 /* libopencv_highgui.2.4.4.dylib */; };
		0687633D1844EE800028BEB3 /* libopencv_imgproc.2.4.4.dylib in Frameworks */ = {isa = PBXBuildFile; fileRef = 0687632C1844EE800028BEB3 /* libopencv_imgproc.2.4.4.dylib */; };
		0687633E1844EE800028BEB3 /* libopencv_legacy.2.4.4.dylib in Frameworks */ = {isa = PBXBuildFile; fileRef = 0687632D1844EE800028BEB3 /* libopencv_legacy.2.4.4.dylib */; };
		0687633F1844EE800028BEB3 /* libopencv_ml.2.4.4.dylib in Frameworks */ = {isa = PBXBuildFile; fileRef = 0687632E1844EE800028BEB3 /* libopencv_ml.2.4.4.dylib */; };
		068763401844EE800028BEB3 /* libopencv_nonfree.2.4.4.dylib in Frameworks */ = {isa = PBXBuildFile; fileRef = 0687632F1844EE800028BEB3 /* libopencv_nonfree.2.4.4.dylib */; };
		068763411844EE800028BEB3 /* libopencv_objdetect.2.4.4.dylib in Frameworks */ = {isa = PBXBuildFile; fileRef = 068763301844EE800028BEB3 /* libopencv_objdetect.2.4.4.dylib */; };
		068763421844EE800028BEB3 /* libopencv_photo.2.4.4.dylib in Frameworks */ = {isa = PBXBuildFile; fileRef = 068763311844EE800028BEB3 /* libopencv_photo.2.4.4.dylib */; };
		068763431844EE800028BEB3 /* libopencv_stitching.2.4.4.dylib in Frameworks */ = {isa = PBXBuildFile; fileRef = 068763321844EE800028BEB3 /* libopencv_stitching.2.4.4.dylib */; };
		068763441844EE800028BEB3 /* libopencv_ts.2.4.4.dylib in Frameworks */ = {isa = PBXBuildFile; fileRef = 068763331844EE800028BEB3 /* libopencv_ts.2.4.4.dylib */; };
		068763451844EE800028BEB3 /* libopencv_video.2.4.4.dylib in Frameworks */ = {isa = PBXBuildFile; fileRef = 068763341844EE800028BEB3 /* libopencv_video.2.4.4.dylib */; };
		068763461844EE800028BEB3 /* libopencv_videostab.2.4.4.dylib in Frameworks */ = {isa = PBXBuildFile; fileRef = 068763351844EE800028BEB3 /* libopencv_videostab.2.4.4.dylib */; };
		06C45E58184E509500B3C976 /* HoughImage.m in Sources */ = {isa = PBXBuildFile; fileRef = 06C45E57184E509500B3C976 /* HoughImage.m */; };
		397D163518169BC100C9EA21 /* Cocoa.framework in Frameworks */ = {isa = PBXBuildFile; fileRef = 397D163418169BC100C9EA21 /* Cocoa.framework */; };
		397D163F18169BC100C9EA21 /* InfoPlist.strings in Resources */ = {isa = PBXBuildFile; fileRef = 397D163D18169BC100C9EA21 /* InfoPlist.strings */; };
		397D164118169BC100C9EA21 /* main.m in Sources */ = {isa = PBXBuildFile; fileRef = 397D164018169BC100C9EA21 /* main.m */; };
		397D164518169BC100C9EA21 /* Credits.rtf in Resources */ = {isa = PBXBuildFile; fileRef = 397D164318169BC100C9EA21 /* Credits.rtf */; };
		397D164818169BC100C9EA21 /* AppDelegate.m in Sources */ = {isa = PBXBuildFile; fileRef = 397D164718169BC100C9EA21 /* AppDelegate.m */; };
		397D164B18169BC200C9EA21 /* MainMenu.xib in Resources */ = {isa = PBXBuildFile; fileRef = 397D164918169BC200C9EA21 /* MainMenu.xib */; };
		397D165318169BC200C9EA21 /* SenTestingKit.framework in Frameworks */ = {isa = PBXBuildFile; fileRef = 397D165218169BC200C9EA21 /* SenTestingKit.framework */; };
		397D165418169BC200C9EA21 /* Cocoa.framework in Frameworks */ = {isa = PBXBuildFile; fileRef = 397D163418169BC100C9EA21 /* Cocoa.framework */; };
		F074506F183BA42D00ED1C09 /* Cluster.m in Sources */ = {isa = PBXBuildFile; fileRef = F074506E183BA42D00ED1C09 /* Cluster.m */; };
		F0745073183BA4E500ED1C09 /* Machine.m in Sources */ = {isa = PBXBuildFile; fileRef = F0745072183BA4E500ED1C09 /* Machine.m */; };
		F0745079183BC01200ED1C09 /* DataSource.m in Sources */ = {isa = PBXBuildFile; fileRef = F0745078183BC01200ED1C09 /* DataSource.m */; };
/* End PBXBuildFile section */

/* Begin PBXContainerItemProxy section */
		397D165518169BC200C9EA21 /* PBXContainerItemProxy */ = {
			isa = PBXContainerItemProxy;
			containerPortal = 397D162718169BC100C9EA21 /* Project object */;
			proxyType = 1;
			remoteGlobalIDString = 397D162F18169BC100C9EA21;
			remoteInfo = DObjectsTest;
		};
/* End PBXContainerItemProxy section */

/* Begin PBXFileReference section */
		0624B5D21844E6B700FA6958 /* Circle.h */ = {isa = PBXFileReference; fileEncoding = 4; lastKnownFileType = sourcecode.c.h; path = Circle.h; sourceTree = "<group>"; };
		0624B5D31844E6B700FA6958 /* Circle.m */ = {isa = PBXFileReference; fileEncoding = 4; lastKnownFileType = sourcecode.c.objc; path = Circle.m; sourceTree = "<group>"; };
		0624B5D61844E6E800FA6958 /* HoughTransformationProtocol.h */ = {isa = PBXFileReference; fileEncoding = 4; lastKnownFileType = sourcecode.c.h; path = HoughTransformationProtocol.h; sourceTree = "<group>"; };
		068763251844EE800028BEB3 /* libopencv_calib3d.2.4.4.dylib */ = {isa = PBXFileReference; lastKnownFileType = "compiled.mach-o.dylib"; path = libopencv_calib3d.2.4.4.dylib; sourceTree = "<group>"; };
		068763261844EE800028BEB3 /* libopencv_contrib.2.4.4.dylib */ = {isa = PBXFileReference; lastKnownFileType = "compiled.mach-o.dylib"; path = libopencv_contrib.2.4.4.dylib; sourceTree = "<group>"; };
		068763271844EE800028BEB3 /* libopencv_core.2.4.4.dylib */ = {isa = PBXFileReference; lastKnownFileType = "compiled.mach-o.dylib"; path = libopencv_core.2.4.4.dylib; sourceTree = "<group>"; };
		068763281844EE800028BEB3 /* libopencv_features2d.2.4.4.dylib */ = {isa = PBXFileReference; lastKnownFileType = "compiled.mach-o.dylib"; path = libopencv_features2d.2.4.4.dylib; sourceTree = "<group>"; };
		068763291844EE800028BEB3 /* libopencv_flann.2.4.4.dylib */ = {isa = PBXFileReference; lastKnownFileType = "compiled.mach-o.dylib"; path = libopencv_flann.2.4.4.dylib; sourceTree = "<group>"; };
		0687632A1844EE800028BEB3 /* libopencv_gpu.2.4.4.dylib */ = {isa = PBXFileReference; lastKnownFileType = "compiled.mach-o.dylib"; path = libopencv_gpu.2.4.4.dylib; sourceTree = "<group>"; };
		0687632B1844EE800028BEB3 /* libopencv_highgui.2.4.4.dylib */ = {isa = PBXFileReference; lastKnownFileType = "compiled.mach-o.dylib"; path = libopencv_highgui.2.4.4.dylib; sourceTree = "<group>"; };
		0687632C1844EE800028BEB3 /* libopencv_imgproc.2.4.4.dylib */ = {isa = PBXFileReference; lastKnownFileType = "compiled.mach-o.dylib"; path = libopencv_imgproc.2.4.4.dylib; sourceTree = "<group>"; };
		0687632D1844EE800028BEB3 /* libopencv_legacy.2.4.4.dylib */ = {isa = PBXFileReference; lastKnownFileType = "compiled.mach-o.dylib"; path = libopencv_legacy.2.4.4.dylib; sourceTree = "<group>"; };
		0687632E1844EE800028BEB3 /* libopencv_ml.2.4.4.dylib */ = {isa = PBXFileReference; lastKnownFileType = "compiled.mach-o.dylib"; path = libopencv_ml.2.4.4.dylib; sourceTree = "<group>"; };
		0687632F1844EE800028BEB3 /* libopencv_nonfree.2.4.4.dylib */ = {isa = PBXFileReference; lastKnownFileType = "compiled.mach-o.dylib"; path = libopencv_nonfree.2.4.4.dylib; sourceTree = "<group>"; };
		068763301844EE800028BEB3 /* libopencv_objdetect.2.4.4.dylib */ = {isa = PBXFileReference; lastKnownFileType = "compiled.mach-o.dylib"; path = libopencv_objdetect.2.4.4.dylib; sourceTree = "<group>"; };
		068763311844EE800028BEB3 /* libopencv_photo.2.4.4.dylib */ = {isa = PBXFileReference; lastKnownFileType = "compiled.mach-o.dylib"; path = libopencv_photo.2.4.4.dylib; sourceTree = "<group>"; };
		068763321844EE800028BEB3 /* libopencv_stitching.2.4.4.dylib */ = {isa = PBXFileReference; lastKnownFileType = "compiled.mach-o.dylib"; path = libopencv_stitching.2.4.4.dylib; sourceTree = "<group>"; };
		068763331844EE800028BEB3 /* libopencv_ts.2.4.4.dylib */ = {isa = PBXFileReference; lastKnownFileType = "compiled.mach-o.dylib"; path = libopencv_ts.2.4.4.dylib; sourceTree = "<group>"; };
		068763341844EE800028BEB3 /* libopencv_video.2.4.4.dylib */ = {isa = PBXFileReference; lastKnownFileType = "compiled.mach-o.dylib"; path = libopencv_video.2.4.4.dylib; sourceTree = "<group>"; };
		068763351844EE800028BEB3 /* libopencv_videostab.2.4.4.dylib */ = {isa = PBXFileReference; lastKnownFileType = "compiled.mach-o.dylib"; path = libopencv_videostab.2.4.4.dylib; sourceTree = "<group>"; };
		06C45E56184E509500B3C976 /* HoughImage.h */ = {isa = PBXFileReference; fileEncoding = 4; lastKnownFileType = sourcecode.c.h; path = HoughImage.h; sourceTree = "<group>"; };
		06C45E57184E509500B3C976 /* HoughImage.m */ = {isa = PBXFileReference; fileEncoding = 4; lastKnownFileType = sourcecode.c.objc; path = HoughImage.m; sourceTree = "<group>"; };
		397D163018169BC100C9EA21 /* HoughServiceUser.app */ = {isa = PBXFileReference; explicitFileType = wrapper.application; includeInIndex = 0; path = HoughServiceUser.app; sourceTree = BUILT_PRODUCTS_DIR; };
		397D163418169BC100C9EA21 /* Cocoa.framework */ = {isa = PBXFileReference; lastKnownFileType = wrapper.framework; name = Cocoa.framework; path = System/Library/Frameworks/Cocoa.framework; sourceTree = SDKROOT; };
		397D163718169BC100C9EA21 /* AppKit.framework */ = {isa = PBXFileReference; lastKnownFileType = wrapper.framework; name = AppKit.framework; path = System/Library/Frameworks/AppKit.framework; sourceTree = SDKROOT; };
		397D163818169BC100C9EA21 /* CoreData.framework */ = {isa = PBXFileReference; lastKnownFileType = wrapper.framework; name = CoreData.framework; path = System/Library/Frameworks/CoreData.framework; sourceTree = SDKROOT; };
		397D163918169BC100C9EA21 /* Foundation.framework */ = {isa = PBXFileReference; lastKnownFileType = wrapper.framework; name = Foundation.framework; path = System/Library/Frameworks/Foundation.framework; sourceTree = SDKROOT; };
		397D163C18169BC100C9EA21 /* HoughServiceUser-Info.plist */ = {isa = PBXFileReference; lastKnownFileType = text.plist.xml; path = "HoughServiceUser-Info.plist"; sourceTree = "<group>"; };
		397D163E18169BC100C9EA21 /* en */ = {isa = PBXFileReference; lastKnownFileType = text.plist.strings; name = en; path = en.lproj/InfoPlist.strings; sourceTree = "<group>"; };
		397D164018169BC100C9EA21 /* main.m */ = {isa = PBXFileReference; lastKnownFileType = sourcecode.c.objc; path = main.m; sourceTree = "<group>"; };
		397D164218169BC100C9EA21 /* HoughServiceUser-Prefix.pch */ = {isa = PBXFileReference; lastKnownFileType = sourcecode.c.h; path = "HoughServiceUser-Prefix.pch"; sourceTree = "<group>"; };
		397D164418169BC100C9EA21 /* en */ = {isa = PBXFileReference; lastKnownFileType = text.rtf; name = en; path = en.lproj/Credits.rtf; sourceTree = "<group>"; };
		397D164618169BC100C9EA21 /* AppDelegate.h */ = {isa = PBXFileReference; lastKnownFileType = sourcecode.c.h; path = AppDelegate.h; sourceTree = "<group>"; };
		397D164718169BC100C9EA21 /* AppDelegate.m */ = {isa = PBXFileReference; lastKnownFileType = sourcecode.c.objc; path = AppDelegate.m; sourceTree = "<group>"; };
		397D164A18169BC200C9EA21 /* en */ = {isa = PBXFileReference; lastKnownFileType = file.xib; name = en; path = en.lproj/MainMenu.xib; sourceTree = "<group>"; };
		397D165118169BC200C9EA21 /* HoughServiceUserTests.octest */ = {isa = PBXFileReference; explicitFileType = wrapper.cfbundle; includeInIndex = 0; path = HoughServiceUserTests.octest; sourceTree = BUILT_PRODUCTS_DIR; };
		397D165218169BC200C9EA21 /* SenTestingKit.framework */ = {isa = PBXFileReference; lastKnownFileType = wrapper.framework; name = SenTestingKit.framework; path = Library/Frameworks/SenTestingKit.framework; sourceTree = DEVELOPER_DIR; };
		F074506D183BA42D00ED1C09 /* Cluster.h */ = {isa = PBXFileReference; fileEncoding = 4; lastKnownFileType = sourcecode.c.h; path = Cluster.h; sourceTree = "<group>"; };
		F074506E183BA42D00ED1C09 /* Cluster.m */ = {isa = PBXFileReference; fileEncoding = 4; lastKnownFileType = sourcecode.c.objc; path = Cluster.m; sourceTree = "<group>"; };
		F0745071183BA4E500ED1C09 /* Machine.h */ = {isa = PBXFileReference; fileEncoding = 4; lastKnownFileType = sourcecode.c.h; path = Machine.h; sourceTree = "<group>"; };
		F0745072183BA4E500ED1C09 /* Machine.m */ = {isa = PBXFileReference; fileEncoding = 4; lastKnownFileType = sourcecode.c.objc; path = Machine.m; sourceTree = "<group>"; };
		F0745077183BC01200ED1C09 /* DataSource.h */ = {isa = PBXFileReference; fileEncoding = 4; lastKnownFileType = sourcecode.c.h; path = DataSource.h; sourceTree = "<group>"; };
		F0745078183BC01200ED1C09 /* DataSource.m */ = {isa = PBXFileReference; fileEncoding = 4; lastKnownFileType = sourcecode.c.objc; path = DataSource.m; sourceTree = "<group>"; };
		F074507A183BD60600ED1C09 /* InformantProtocol.h */ = {isa = PBXFileReference; fileEncoding = 4; lastKnownFileType = sourcecode.c.h; path = InformantProtocol.h; sourceTree = "<group>"; };
/* End PBXFileReference section */

/* Begin PBXFrameworksBuildPhase section */
		397D162D18169BC100C9EA21 /* Frameworks */ = {
			isa = PBXFrameworksBuildPhase;
			buildActionMask = 2147483647;
			files = (
				397D163518169BC100C9EA21 /* Cocoa.framework in Frameworks */,
				068763361844EE800028BEB3 /* libopencv_calib3d.2.4.4.dylib in Frameworks */,
				068763371844EE800028BEB3 /* libopencv_contrib.2.4.4.dylib in Frameworks */,
				068763381844EE800028BEB3 /* libopencv_core.2.4.4.dylib in Frameworks */,
				068763391844EE800028BEB3 /* libopencv_features2d.2.4.4.dylib in Frameworks */,
				0687633A1844EE800028BEB3 /* libopencv_flann.2.4.4.dylib in Frameworks */,
				0687633B1844EE800028BEB3 /* libopencv_gpu.2.4.4.dylib in Frameworks */,
				0687633C1844EE800028BEB3 /* libopencv_highgui.2.4.4.dylib in Frameworks */,
				0687633D1844EE800028BEB3 /* libopencv_imgproc.2.4.4.dylib in Frameworks */,
				0687633E1844EE800028BEB3 /* libopencv_legacy.2.4.4.dylib in Frameworks */,
				0687633F1844EE800028BEB3 /* libopencv_ml.2.4.4.dylib in Frameworks */,
				068763401844EE800028BEB3 /* libopencv_nonfree.2.4.4.dylib in Frameworks */,
				068763411844EE800028BEB3 /* libopencv_objdetect.2.4.4.dylib in Frameworks */,
				068763421844EE800028BEB3 /* libopencv_photo.2.4.4.dylib in Frameworks */,
				068763431844EE800028BEB3 /* libopencv_stitching.2.4.4.dylib in Frameworks */,
				068763441844EE800028BEB3 /* libopencv_ts.2.4.4.dylib in Frameworks */,
				068763451844EE800028BEB3 /* libopencv_video.2.4.4.dylib in Frameworks */,
				068763461844EE800028BEB3 /* libopencv_videostab.2.4.4.dylib in Frameworks */,
			);
			runOnlyForDeploymentPostprocessing = 0;
		};
		397D164D18169BC200C9EA21 /* Frameworks */ = {
			isa = PBXFrameworksBuildPhase;
			buildActionMask = 2147483647;
			files = (
				397D165318169BC200C9EA21 /* SenTestingKit.framework in Frameworks */,
				397D165418169BC200C9EA21 /* Cocoa.framework in Frameworks */,
			);
			runOnlyForDeploymentPostprocessing = 0;
		};
/* End PBXFrameworksBuildPhase section */

/* Begin PBXGroup section */
		0624B6DD1844EBA700FA6958 /* opencv libs */ = {
			isa = PBXGroup;
			children = (
				068763251844EE800028BEB3 /* libopencv_calib3d.2.4.4.dylib */,
				068763261844EE800028BEB3 /* libopencv_contrib.2.4.4.dylib */,
				068763271844EE800028BEB3 /* libopencv_core.2.4.4.dylib */,
				068763281844EE800028BEB3 /* libopencv_features2d.2.4.4.dylib */,
				068763291844EE800028BEB3 /* libopencv_flann.2.4.4.dylib */,
				0687632A1844EE800028BEB3 /* libopencv_gpu.2.4.4.dylib */,
				0687632B1844EE800028BEB3 /* libopencv_highgui.2.4.4.dylib */,
				0687632C1844EE800028BEB3 /* libopencv_imgproc.2.4.4.dylib */,
				0687632D1844EE800028BEB3 /* libopencv_legacy.2.4.4.dylib */,
				0687632E1844EE800028BEB3 /* libopencv_ml.2.4.4.dylib */,
				0687632F1844EE800028BEB3 /* libopencv_nonfree.2.4.4.dylib */,
				068763301844EE800028BEB3 /* libopencv_objdetect.2.4.4.dylib */,
				068763311844EE800028BEB3 /* libopencv_photo.2.4.4.dylib */,
				068763321844EE800028BEB3 /* libopencv_stitching.2.4.4.dylib */,
				068763331844EE800028BEB3 /* libopencv_ts.2.4.4.dylib */,
				068763341844EE800028BEB3 /* libopencv_video.2.4.4.dylib */,
				068763351844EE800028BEB3 /* libopencv_videostab.2.4.4.dylib */,
			);
			name = "opencv libs";
			sourceTree = "<group>";
		};
		397D162518169BC100C9EA21 = {
			isa = PBXGroup;
			children = (
				397D163A18169BC100C9EA21 /* HoughServiceUser */,
				397D163318169BC100C9EA21 /* Frameworks */,
				397D163118169BC100C9EA21 /* Products */,
			);
			sourceTree = "<group>";
		};
		397D163118169BC100C9EA21 /* Products */ = {
			isa = PBXGroup;
			children = (
				397D163018169BC100C9EA21 /* HoughServiceUser.app */,
				397D165118169BC200C9EA21 /* HoughServiceUserTests.octest */,
			);
			name = Products;
			sourceTree = "<group>";
		};
		397D163318169BC100C9EA21 /* Frameworks */ = {
			isa = PBXGroup;
			children = (
				397D163418169BC100C9EA21 /* Cocoa.framework */,
				397D165218169BC200C9EA21 /* SenTestingKit.framework */,
				397D163618169BC100C9EA21 /* Other Frameworks */,
			);
			name = Frameworks;
			sourceTree = "<group>";
		};
		397D163618169BC100C9EA21 /* Other Frameworks */ = {
			isa = PBXGroup;
			children = (
				397D163718169BC100C9EA21 /* AppKit.framework */,
				397D163818169BC100C9EA21 /* CoreData.framework */,
				397D163918169BC100C9EA21 /* Foundation.framework */,
			);
			name = "Other Frameworks";
			sourceTree = "<group>";
		};
		397D163A18169BC100C9EA21 /* HoughServiceUser */ = {
			isa = PBXGroup;
			children = (
				0624B6DD1844EBA700FA6958 /* opencv libs */,
				397D164618169BC100C9EA21 /* AppDelegate.h */,
				397D164718169BC100C9EA21 /* AppDelegate.m */,
				F074506D183BA42D00ED1C09 /* Cluster.h */,
				F074506E183BA42D00ED1C09 /* Cluster.m */,
				F0745071183BA4E500ED1C09 /* Machine.h */,
				F0745072183BA4E500ED1C09 /* Machine.m */,
				F074507A183BD60600ED1C09 /* InformantProtocol.h */,
				F0745077183BC01200ED1C09 /* DataSource.h */,
				F0745078183BC01200ED1C09 /* DataSource.m */,
				0624B5D21844E6B700FA6958 /* Circle.h */,
				0624B5D31844E6B700FA6958 /* Circle.m */,
				06C45E56184E509500B3C976 /* HoughImage.h */,
				06C45E57184E509500B3C976 /* HoughImage.m */,
				0624B5D61844E6E800FA6958 /* HoughTransformationProtocol.h */,
				397D164918169BC200C9EA21 /* MainMenu.xib */,
				397D163B18169BC100C9EA21 /* Supporting Files */,
			);
			name = HoughServiceUser;
			path = DObjectsTest;
			sourceTree = "<group>";
		};
		397D163B18169BC100C9EA21 /* Supporting Files */ = {
			isa = PBXGroup;
			children = (
				397D163C18169BC100C9EA21 /* HoughServiceUser-Info.plist */,
				397D163D18169BC100C9EA21 /* InfoPlist.strings */,
				397D164018169BC100C9EA21 /* main.m */,
				397D164218169BC100C9EA21 /* HoughServiceUser-Prefix.pch */,
				397D164318169BC100C9EA21 /* Credits.rtf */,
			);
			name = "Supporting Files";
			sourceTree = "<group>";
		};
/* End PBXGroup section */

/* Begin PBXNativeTarget section */
		397D162F18169BC100C9EA21 /* HoughServiceUser */ = {
			isa = PBXNativeTarget;
			buildConfigurationList = 397D166218169BC200C9EA21 /* Build configuration list for PBXNativeTarget "HoughServiceUser" */;
			buildPhases = (
				397D162C18169BC100C9EA21 /* Sources */,
				397D162D18169BC100C9EA21 /* Frameworks */,
				397D162E18169BC100C9EA21 /* Resources */,
			);
			buildRules = (
			);
			dependencies = (
			);
			name = HoughServiceUser;
			productName = DObjectsTest;
			productReference = 397D163018169BC100C9EA21 /* HoughServiceUser.app */;
			productType = "com.apple.product-type.application";
		};
		397D165018169BC200C9EA21 /* HoughServiceUserTests */ = {
			isa = PBXNativeTarget;
			buildConfigurationList = 397D166518169BC200C9EA21 /* Build configuration list for PBXNativeTarget "HoughServiceUserTests" */;
			buildPhases = (
				397D164C18169BC200C9EA21 /* Sources */,
				397D164D18169BC200C9EA21 /* Frameworks */,
				397D164E18169BC200C9EA21 /* Resources */,
				397D164F18169BC200C9EA21 /* ShellScript */,
			);
			buildRules = (
			);
			dependencies = (
				397D165618169BC200C9EA21 /* PBXTargetDependency */,
			);
			name = HoughServiceUserTests;
			productName = DObjectsTestTests;
			productReference = 397D165118169BC200C9EA21 /* HoughServiceUserTests.octest */;
			productType = "com.apple.product-type.bundle";
		};
/* End PBXNativeTarget section */

/* Begin PBXProject section */
		397D162718169BC100C9EA21 /* Project object */ = {
			isa = PBXProject;
			attributes = {
				LastUpgradeCheck = 0420;
			};
			buildConfigurationList = 397D162A18169BC100C9EA21 /* Build configuration list for PBXProject "HoughServiceUser" */;
			compatibilityVersion = "Xcode 3.2";
			developmentRegion = English;
			hasScannedForEncodings = 0;
			knownRegions = (
				en,
			);
			mainGroup = 397D162518169BC100C9EA21;
			productRefGroup = 397D163118169BC100C9EA21 /* Products */;
			projectDirPath = "";
			projectRoot = "";
			targets = (
				397D162F18169BC100C9EA21 /* HoughServiceUser */,
				397D165018169BC200C9EA21 /* HoughServiceUserTests */,
			);
		};
/* End PBXProject section */

/* Begin PBXResourcesBuildPhase section */
		397D162E18169BC100C9EA21 /* Resources */ = {
			isa = PBXResourcesBuildPhase;
			buildActionMask = 2147483647;
			files = (
				397D163F18169BC100C9EA21 /* InfoPlist.strings in Resources */,
				397D164518169BC100C9EA21 /* Credits.rtf in Resources */,
				397D164B18169BC200C9EA21 /* MainMenu.xib in Resources */,
			);
			runOnlyForDeploymentPostprocessing = 0;
		};
		397D164E18169BC200C9EA21 /* Resources */ = {
			isa = PBXResourcesBuildPhase;
			buildActionMask = 2147483647;
			files = (
			);
			runOnlyForDeploymentPostprocessing = 0;
		};
/* End PBXResourcesBuildPhase section */

/* Begin PBXShellScriptBuildPhase section */
		397D164F18169BC200C9EA21 /* ShellScript */ = {
			isa = PBXShellScriptBuildPhase;
			buildActionMask = 2147483647;
			files = (
			);
			inputPaths = (
			);
			outputPaths = (
			);
			runOnlyForDeploymentPostprocessing = 0;
			shellPath = /bin/sh;
			shellScript = "# Run the unit tests in this test bundle.\n\"${SYSTEM_DEVELOPER_DIR}/Tools/RunUnitTests\"\n";
		};
/* End PBXShellScriptBuildPhase section */

/* Begin PBXSourcesBuildPhase section */
		397D162C18169BC100C9EA21 /* Sources */ = {
			isa = PBXSourcesBuildPhase;
			buildActionMask = 2147483647;
			files = (
				397D164118169BC100C9EA21 /* main.m in Sources */,
				397D164818169BC100C9EA21 /* AppDelegate.m in Sources */,
				F074506F183BA42D00ED1C09 /* Cluster.m in Sources */,
				F0745073183BA4E500ED1C09 /* Machine.m in Sources */,
				F0745079183BC01200ED1C09 /* DataSource.m in Sources */,
				0624B5D41844E6B700FA6958 /* Circle.m in Sources */,
				06C45E58184E509500B3C976 /* HoughImage.m in Sources */,
			);
			runOnlyForDeploymentPostprocessing = 0;
		};
		397D164C18169BC200C9EA21 /* Sources */ = {
			isa = PBXSourcesBuildPhase;
			buildActionMask = 2147483647;
			files = (
			);
			runOnlyForDeploymentPostprocessing = 0;
		};
/* End PBXSourcesBuildPhase section */

/* Begin PBXTargetDependency section */
		397D165618169BC200C9EA21 /* PBXTargetDependency */ = {
			isa = PBXTargetDependency;
			target = 397D162F18169BC100C9EA21 /* HoughServiceUser */;
			targetProxy = 397D165518169BC200C9EA21 /* PBXContainerItemProxy */;
		};
/* End PBXTargetDependency section */

/* Begin PBXVariantGroup section */
		397D163D18169BC100C9EA21 /* InfoPlist.strings */ = {
			isa = PBXVariantGroup;
			children = (
				397D163E18169BC100C9EA21 /* en */,
			);
			name = InfoPlist.strings;
			sourceTree = "<group>";
		};
		397D164318169BC100C9EA21 /* Credits.rtf */ = {
			isa = PBXVariantGroup;
			children = (
				397D164418169BC100C9EA21 /* en */,
			);
			name = Credits.rtf;
			sourceTree = "<group>";
		};
		397D164918169BC200C9EA21 /* MainMenu.xib */ = {
			isa = PBXVariantGroup;
			children = (
				397D164A18169BC200C9EA21 /* en */,
			);
			name = MainMenu.xib;
			sourceTree = "<group>";
		};
/* End PBXVariantGroup section */

/* Begin XCBuildConfiguration section */
		397D166018169BC200C9EA21 /* Debug */ = {
			isa = XCBuildConfiguration;
			buildSettings = {
				ALWAYS_SEARCH_USER_PATHS = NO;
				ARCHS = "$(ARCHS_STANDARD_64_BIT)";
				COPY_PHASE_STRIP = NO;
				GCC_C_LANGUAGE_STANDARD = gnu99;
				GCC_DYNAMIC_NO_PIC = NO;
				GCC_ENABLE_OBJC_EXCEPTIONS = YES;
				GCC_OPTIMIZATION_LEVEL = 0;
				GCC_PREPROCESSOR_DEFINITIONS = (
					"DEBUG=1",
					"$(inherited)",
				);
				GCC_SYMBOLS_PRIVATE_EXTERN = NO;
				GCC_VERSION = com.apple.compilers.llvm.clang.1_0;
				GCC_WARN_64_TO_32_BIT_CONVERSION = YES;
				GCC_WARN_ABOUT_MISSING_PROTOTYPES = YES;
				GCC_WARN_ABOUT_RETURN_TYPE = YES;
				GCC_WARN_UNUSED_VARIABLE = YES;
				MACOSX_DEPLOYMENT_TARGET = 10.6;
				ONLY_ACTIVE_ARCH = YES;
				SDKROOT = macosx;
			};
			name = Debug;
		};
		397D166118169BC200C9EA21 /* Release */ = {
			isa = XCBuildConfiguration;
			buildSettings = {
				ALWAYS_SEARCH_USER_PATHS = NO;
				ARCHS = "$(ARCHS_STANDARD_64_BIT)";
				COPY_PHASE_STRIP = YES;
				DEBUG_INFORMATION_FORMAT = "dwarf-with-dsym";
				GCC_C_LANGUAGE_STANDARD = gnu99;
				GCC_ENABLE_OBJC_EXCEPTIONS = YES;
				GCC_VERSION = com.apple.compilers.llvm.clang.1_0;
				GCC_WARN_64_TO_32_BIT_CONVERSION = YES;
				GCC_WARN_ABOUT_MISSING_PROTOTYPES = YES;
				GCC_WARN_ABOUT_RETURN_TYPE = YES;
				GCC_WARN_UNUSED_VARIABLE = YES;
				MACOSX_DEPLOYMENT_TARGET = 10.6;
				SDKROOT = macosx;
			};
			name = Release;
		};
		397D166318169BC200C9EA21 /* Debug */ = {
			isa = XCBuildConfiguration;
			buildSettings = {
				ALWAYS_SEARCH_USER_PATHS = NO;
				GCC_ENABLE_OBJC_GC = unsupported;
				GCC_PRECOMPILE_PREFIX_HEADER = YES;
				GCC_PREFIX_HEADER = "DObjectsTest/HoughServiceUser-Prefix.pch";
				HEADER_SEARCH_PATHS = /usr/local/include;
				INFOPLIST_FILE = "DObjectsTest/HoughServiceUser-Info.plist";
				LIBRARY_SEARCH_PATHS = (
					/usr/local/lib,
					"$(inherited)",
					"\"$(SRCROOT)/DObjectsTest\"",
					"\"$(SRCROOT)/DObjectsTest/python2.6/site-packages\"",
				);
				PRODUCT_NAME = HoughServiceUser;
				WRAPPER_EXTENSION = app;
			};
			name = Debug;
		};
		397D166418169BC200C9EA21 /* Release */ = {
			isa = XCBuildConfiguration;
			buildSettings = {
				ALWAYS_SEARCH_USER_PATHS = NO;
				GCC_ENABLE_OBJC_GC = unsupported;
				GCC_PRECOMPILE_PREFIX_HEADER = YES;
				GCC_PREFIX_HEADER = "DObjectsTest/HoughServiceUser-Prefix.pch";
				HEADER_SEARCH_PATHS = /usr/local/include;
				INFOPLIST_FILE = "DObjectsTest/HoughServiceUser-Info.plist";
				LIBRARY_SEARCH_PATHS = (
					/usr/local/lib,
					"$(inherited)",
					"\"$(SRCROOT)/DObjectsTest\"",
					"\"$(SRCROOT)/DObjectsTest/python2.6/site-packages\"",
				);
				PRODUCT_NAME = HoughServiceUser;
				WRAPPER_EXTENSION = app;
			};
			name = Release;
		};
		397D166618169BC200C9EA21 /* Debug */ = {
			isa = XCBuildConfiguration;
			buildSettings = {
				BUNDLE_LOADER = "$(BUILT_PRODUCTS_DIR)/DObjectsTest.app/Contents/MacOS/DObjectsTest";
				FRAMEWORK_SEARCH_PATHS = "$(DEVELOPER_LIBRARY_DIR)/Frameworks";
				GCC_PRECOMPILE_PREFIX_HEADER = YES;
				GCC_PREFIX_HEADER = "DObjectsTest/DObjectsTest-Prefix.pch";
				INFOPLIST_FILE = "DObjectsTestTests/HoughServiceUserTests-Info.plist";
				PRODUCT_NAME = HoughServiceUserTests;
				TEST_HOST = "$(BUNDLE_LOADER)";
				WRAPPER_EXTENSION = octest;
			};
			name = Debug;
		};
		397D166718169BC200C9EA21 /* Release */ = {
			isa = XCBuildConfiguration;
			buildSettings = {
				BUNDLE_LOADER = "$(BUILT_PRODUCTS_DIR)/DObjectsTest.app/Contents/MacOS/DObjectsTest";
				FRAMEWORK_SEARCH_PATHS = "$(DEVELOPER_LIBRARY_DIR)/Frameworks";
				GCC_PRECOMPILE_PREFIX_HEADER = YES;
				GCC_PREFIX_HEADER = "DObjectsTest/DObjectsTest-Prefix.pch";
				INFOPLIST_FILE = "DObjectsTestTests/HoughServiceUserTests-Info.plist";
				PRODUCT_NAME = HoughServiceUserTests;
				TEST_HOST = "$(BUNDLE_LOADER)";
				WRAPPER_EXTENSION = octest;
			};
			name = Release;
		};
/* End XCBuildConfiguration section */

/* Begin XCConfigurationList section */
		397D162A18169BC100C9EA21 /* Build configuration list for PBXProject "HoughServiceUser" */ = {
			isa = XCConfigurationList;
			buildConfigurations = (
				397D166018169BC200C9EA21 /* Debug */,
				397D166118169BC200C9EA21 /* Release */,
			);
			defaultConfigurationIsVisible = 0;
			defaultConfigurationName = Release;
		};
		397D166218169BC200C9EA21 /* Build configuration list for PBXNativeTarget "HoughServiceUser" */ = {
			isa = XCConfigurationList;
			buildConfigurations = (
				397D166318169BC200C9EA21 /* Debug */,
				397D166418169BC200C9EA21 /* Release */,
			);
			defaultConfigurationIsVisible = 0;
			defaultConfigurationName = Release;
		};
		397D166518169BC200C9EA21 /* Build configuration list for PBXNativeTarget "HoughServiceUserTests" */ = {
			isa = XCConfigurationList;
			buildConfigurations = (
				397D166618169BC200C9EA21 /* Debug */,
				397D166718169BC200C9EA21 /* Release */,
			);
			defaultConfigurationIsVisible = 0;
			defaultConfigurationName = Release;
		};
/* End XCConfigurationList section */
	};
	rootObject = 397D162718169BC100C9EA21 /* Project object */;
}
